{
  "name": "bril",
  "version": "1.0.0",
  "lockfileVersion": 1,
  "requires": true,
  "dependencies": {
    "@types/node": {
      "version": "11.13.22",
      "resolved": "https://registry.npmjs.org/@types/node/-/node-11.13.22.tgz",
      "integrity": "sha512-rOsaPRUGTOXbRBOKToy4cgZXY4Y+QSVhxcLwdEveozbk7yuudhWMpxxcaXqYizLMP3VY7OcWCFtx9lGFh5j5kg==",
      "dev": true
    },
    "typescript": {
      "version": "3.6.4"
    }
  }
}
